// !$*UTF8*$!
{
	archiveVersion = 1;
	classes = {
	};
	objectVersion = 46;
	objects = {

/* Begin PBXBuildFile section */
		00AB51B01C78DBF40027F98E /* AppDelegate.swift in Sources */ = {isa = PBXBuildFile; fileRef = 00AB51AF1C78DBF40027F98E /* AppDelegate.swift */; };
		00AB51B21C78DBF40027F98E /* ViewController.swift in Sources */ = {isa = PBXBuildFile; fileRef = 00AB51B11C78DBF40027F98E /* ViewController.swift */; };
		00AB51B51C78DBF40027F98E /* Main.storyboard in Resources */ = {isa = PBXBuildFile; fileRef = 00AB51B31C78DBF40027F98E /* Main.storyboard */; };
		00AB51B71C78DBF40027F98E /* Assets.xcassets in Resources */ = {isa = PBXBuildFile; fileRef = 00AB51B61C78DBF40027F98E /* Assets.xcassets */; };
		00AB51BA1C78DBF40027F98E /* LaunchScreen.storyboard in Resources */ = {isa = PBXBuildFile; fileRef = 00AB51B81C78DBF40027F98E /* LaunchScreen.storyboard */; };
		00AB51C51C78DBF40027F98E /* MathJaxTest01Tests.swift in Sources */ = {isa = PBXBuildFile; fileRef = 00AB51C41C78DBF40027F98E /* MathJaxTest01Tests.swift */; };
/* End PBXBuildFile section */

/* Begin PBXContainerItemProxy section */
		00AB51C11C78DBF40027F98E /* PBXContainerItemProxy */ = {
			isa = PBXContainerItemProxy;
			containerPortal = 00AB51A41C78DBF40027F98E /* Project object */;
			proxyType = 1;
			remoteGlobalIDString = 00AB51AB1C78DBF40027F98E;
			remoteInfo = MathJaxTest01;
		};
/* End PBXContainerItemProxy section */

/* Begin PBXFileReference section */
		00AB51AC1C78DBF40027F98E /* MathJaxTest01.app */ = {isa = PBXFileReference; explicitFileType = wrapper.application; includeInIndex = 0; path = MathJaxTest01.app; sourceTree = BUILT_PRODUCTS_DIR; };
		00AB51AF1C78DBF40027F98E /* AppDelegate.swift */ = {isa = PBXFileReference; lastKnownFileType = sourcecode.swift; path = AppDelegate.swift; sourceTree = "<group>"; };
		00AB51B11C78DBF40027F98E /* ViewController.swift */ = {isa = PBXFileReference; lastKnownFileType = sourcecode.swift; path = ViewController.swift; sourceTree = "<group>"; };
		00AB51B41C78DBF40027F98E /* Base */ = {isa = PBXFileReference; lastKnownFileType = file.storyboard; name = Base; path = Base.lproj/Main.storyboard; sourceTree = "<group>"; };
		00AB51B61C78DBF40027F98E /* Assets.xcassets */ = {isa = PBXFileReference; lastKnownFileType = folder.assetcatalog; path = Assets.xcassets; sourceTree = "<group>"; };
		00AB51B91C78DBF40027F98E /* Base */ = {isa = PBXFileReference; lastKnownFileType = file.storyboard; name = Base; path = Base.lproj/LaunchScreen.storyboard; sourceTree = "<group>"; };
		00AB51BB1C78DBF40027F98E /* Info.plist */ = {isa = PBXFileReference; lastKnownFileType = text.plist.xml; path = Info.plist; sourceTree = "<group>"; };
		00AB51C01C78DBF40027F98E /* MathJaxTest01Tests.xctest */ = {isa = PBXFileReference; explicitFileType = wrapper.cfbundle; includeInIndex = 0; path = MathJaxTest01Tests.xctest; sourceTree = BUILT_PRODUCTS_DIR; };
		00AB51C41C78DBF40027F98E /* MathJaxTest01Tests.swift */ = {isa = PBXFileReference; lastKnownFileType = sourcecode.swift; path = MathJaxTest01Tests.swift; sourceTree = "<group>"; };
		00AB51C61C78DBF40027F98E /* Info.plist */ = {isa = PBXFileReference; lastKnownFileType = text.plist.xml; path = Info.plist; sourceTree = "<group>"; };
/* End PBXFileReference section */

/* Begin PBXFrameworksBuildPhase section */
		00AB51A91C78DBF40027F98E /* Frameworks */ = {
			isa = PBXFrameworksBuildPhase;
			buildActionMask = 2147483647;
			files = (
			);
			runOnlyForDeploymentPostprocessing = 0;
		};
		00AB51BD1C78DBF40027F98E /* Frameworks */ = {
			isa = PBXFrameworksBuildPhase;
			buildActionMask = 2147483647;
			files = (
			);
			runOnlyForDeploymentPostprocessing = 0;
		};
/* End PBXFrameworksBuildPhase section */

/* Begin PBXGroup section */
		00AB51A31C78DBF40027F98E = {
			isa = PBXGroup;
			children = (
				00AB51AE1C78DBF40027F98E /* MathJaxTest01 */,
				00AB51C31C78DBF40027F98E /* MathJaxTest01Tests */,
				00AB51AD1C78DBF40027F98E /* Products */,
			);
			sourceTree = "<group>";
		};
		00AB51AD1C78DBF40027F98E /* Products */ = {
			isa = PBXGroup;
			children = (
				00AB51AC1C78DBF40027F98E /* MathJaxTest01.app */,
				00AB51C01C78DBF40027F98E /* MathJaxTest01Tests.xctest */,
			);
			name = Products;
			sourceTree = "<group>";
		};
		00AB51AE1C78DBF40027F98E /* MathJaxTest01 */ = {
			isa = PBXGroup;
			children = (
				00AB51AF1C78DBF40027F98E /* AppDelegate.swift */,
				00AB51B11C78DBF40027F98E /* ViewController.swift */,
				00AB51B31C78DBF40027F98E /* Main.storyboard */,
				00AB51B61C78DBF40027F98E /* Assets.xcassets */,
				00AB51B81C78DBF40027F98E /* LaunchScreen.storyboard */,
				00AB51BB1C78DBF40027F98E /* Info.plist */,
			);
			path = MathJaxTest01;
			sourceTree = "<group>";
		};
		00AB51C31C78DBF40027F98E /* MathJaxTest01Tests */ = {
			isa = PBXGroup;
			children = (
				00AB51C41C78DBF40027F98E /* MathJaxTest01Tests.swift */,
				00AB51C61C78DBF40027F98E /* Info.plist */,
			);
			path = MathJaxTest01Tests;
			sourceTree = "<group>";
		};
/* End PBXGroup section */

/* Begin PBXNativeTarget section */
		00AB51AB1C78DBF40027F98E /* MathJaxTest01 */ = {
			isa = PBXNativeTarget;
			buildConfigurationList = 00AB51C91C78DBF40027F98E /* Build configuration list for PBXNativeTarget "MathJaxTest01" */;
			buildPhases = (
				00AB51A81C78DBF40027F98E /* Sources */,
				00AB51A91C78DBF40027F98E /* Frameworks */,
				00AB51AA1C78DBF40027F98E /* Resources */,
			);
			buildRules = (
			);
			dependencies = (
			);
			name = MathJaxTest01;
			productName = MathJaxTest01;
			productReference = 00AB51AC1C78DBF40027F98E /* MathJaxTest01.app */;
			productType = "com.apple.product-type.application";
		};
		00AB51BF1C78DBF40027F98E /* MathJaxTest01Tests */ = {
			isa = PBXNativeTarget;
			buildConfigurationList = 00AB51CC1C78DBF40027F98E /* Build configuration list for PBXNativeTarget "MathJaxTest01Tests" */;
			buildPhases = (
				00AB51BC1C78DBF40027F98E /* Sources */,
				00AB51BD1C78DBF40027F98E /* Frameworks */,
				00AB51BE1C78DBF40027F98E /* Resources */,
			);
			buildRules = (
			);
			dependencies = (
				00AB51C21C78DBF40027F98E /* PBXTargetDependency */,
			);
			name = MathJaxTest01Tests;
			productName = MathJaxTest01Tests;
			productReference = 00AB51C01C78DBF40027F98E /* MathJaxTest01Tests.xctest */;
			productType = "com.apple.product-type.bundle.unit-test";
		};
/* End PBXNativeTarget section */

/* Begin PBXProject section */
		00AB51A41C78DBF40027F98E /* Project object */ = {
			isa = PBXProject;
			attributes = {
				LastSwiftUpdateCheck = 0720;
				LastUpgradeCheck = 0720;
				ORGANIZATIONNAME = "Tibor Simon";
				TargetAttributes = {
					00AB51AB1C78DBF40027F98E = {
						CreatedOnToolsVersion = 7.2.1;
					};
					00AB51BF1C78DBF40027F98E = {
						CreatedOnToolsVersion = 7.2.1;
						TestTargetID = 00AB51AB1C78DBF40027F98E;
					};
				};
			};
			buildConfigurationList = 00AB51A71C78DBF40027F98E /* Build configuration list for PBXProject "MathJaxTest01" */;
			compatibilityVersion = "Xcode 3.2";
			developmentRegion = English;
			hasScannedForEncodings = 0;
			knownRegions = (
				en,
				Base,
			);
			mainGroup = 00AB51A31C78DBF40027F98E;
			productRefGroup = 00AB51AD1C78DBF40027F98E /* Products */;
			projectDirPath = "";
			projectRoot = "";
			targets = (
				00AB51AB1C78DBF40027F98E /* MathJaxTest01 */,
				00AB51BF1C78DBF40027F98E /* MathJaxTest01Tests */,
			);
		};
/* End PBXProject section */

/* Begin PBXResourcesBuildPhase section */
		00AB51AA1C78DBF40027F98E /* Resources */ = {
			isa = PBXResourcesBuildPhase;
			buildActionMask = 2147483647;
			files = (
				00AB51BA1C78DBF40027F98E /* LaunchScreen.storyboard in Resources */,
				00AB51B71C78DBF40027F98E /* Assets.xcassets in Resources */,
				00AB51B51C78DBF40027F98E /* Main.storyboard in Resources */,
			);
			runOnlyForDeploymentPostprocessing = 0;
		};
		00AB51BE1C78DBF40027F98E /* Resources */ = {
			isa = PBXResourcesBuildPhase;
			buildActionMask = 2147483647;
			files = (
			);
			runOnlyForDeploymentPostprocessing = 0;
		};
/* End PBXResourcesBuildPhase section */

/* Begin PBXSourcesBuildPhase section */
		00AB51A81C78DBF40027F98E /* Sources */ = {
			isa = PBXSourcesBuildPhase;
			buildActionMask = 2147483647;
			files = (
				00AB51B21C78DBF40027F98E /* ViewController.swift in Sources */,
				00AB51B01C78DBF40027F98E /* AppDelegate.swift in Sources */,
			);
			runOnlyForDeploymentPostprocessing = 0;
		};
		00AB51BC1C78DBF40027F98E /* Sources */ = {
			isa = PBXSourcesBuildPhase;
			buildActionMask = 2147483647;
			files = (
				00AB51C51C78DBF40027F98E /* MathJaxTest01Tests.swift in Sources */,
			);
			runOnlyForDeploymentPostprocessing = 0;
		};
/* End PBXSourcesBuildPhase section */

/* Begin PBXTargetDependency section */
		00AB51C21C78DBF40027F98E /* PBXTargetDependency */ = {
			isa = PBXTargetDependency;
			target = 00AB51AB1C78DBF40027F98E /* MathJaxTest01 */;
			targetProxy = 00AB51C11C78DBF40027F98E /* PBXContainerItemProxy */;
		};
/* End PBXTargetDependency section */

/* Begin PBXVariantGroup section */
		00AB51B31C78DBF40027F98E /* Main.storyboard */ = {
			isa = PBXVariantGroup;
			children = (
				00AB51B41C78DBF40027F98E /* Base */,
			);
			name = Main.storyboard;
			sourceTree = "<group>";
		};
		00AB51B81C78DBF40027F98E /* LaunchScreen.storyboard */ = {
			isa = PBXVariantGroup;
			children = (
				00AB51B91C78DBF40027F98E /* Base */,
			);
			name = LaunchScreen.storyboard;
			sourceTree = "<group>";
		};
/* End PBXVariantGroup section */

/* Begin XCBuildConfiguration section */
		00AB51C71C78DBF40027F98E /* Debug */ = {
			isa = XCBuildConfiguration;
			buildSettings = {
				ALWAYS_SEARCH_USER_PATHS = NO;
				CLANG_CXX_LANGUAGE_STANDARD = "gnu++0x";
				CLANG_CXX_LIBRARY = "libc++";
				CLANG_ENABLE_MODULES = YES;
				CLANG_ENABLE_OBJC_ARC = YES;
				CLANG_WARN_BOOL_CONVERSION = YES;
				CLANG_WARN_CONSTANT_CONVERSION = YES;
				CLANG_WARN_DIRECT_OBJC_ISA_USAGE = YES_ERROR;
				CLANG_WARN_EMPTY_BODY = YES;
				CLANG_WARN_ENUM_CONVERSION = YES;
				CLANG_WARN_INT_CONVERSION = YES;
				CLANG_WARN_OBJC_ROOT_CLASS = YES_ERROR;
				CLANG_WARN_UNREACHABLE_CODE = YES;
				CLANG_WARN__DUPLICATE_METHOD_MATCH = YES;
				"CODE_SIGN_IDENTITY[sdk=iphoneos*]" = "iPhone Developer";
				COPY_PHASE_STRIP = NO;
				DEBUG_INFORMATION_FORMAT = dwarf;
				ENABLE_STRICT_OBJC_MSGSEND = YES;
				ENABLE_TESTABILITY = YES;
				GCC_C_LANGUAGE_STANDARD = gnu99;
				GCC_DYNAMIC_NO_PIC = NO;
				GCC_NO_COMMON_BLOCKS = YES;
				GCC_OPTIMIZATION_LEVEL = 0;
				GCC_PREPROCESSOR_DEFINITIONS = (
					"DEBUG=1",
					"$(inherited)",
				);
				GCC_WARN_64_TO_32_BIT_CONVERSION = YES;
				GCC_WARN_ABOUT_RETURN_TYPE = YES_ERROR;
				GCC_WARN_UNDECLARED_SELECTOR = YES;
				GCC_WARN_UNINITIALIZED_AUTOS = YES_AGGRESSIVE;
				GCC_WARN_UNUSED_FUNCTION = YES;
				GCC_WARN_UNUSED_VARIABLE = YES;
				IPHONEOS_DEPLOYMENT_TARGET = 9.2;
				MTL_ENABLE_DEBUG_INFO = YES;
				ONLY_ACTIVE_ARCH = YES;
				SDKROOT = iphoneos;
				SWIFT_OPTIMIZATION_LEVEL = "-Onone";
				TARGETED_DEVICE_FAMILY = "1,2";
			};
			name = Debug;
		};
		00AB51C81C78DBF40027F98E /* Release */ = {
			isa = XCBuildConfiguration;
			buildSettings = {
				ALWAYS_SEARCH_USER_PATHS = NO;
				CLANG_CXX_LANGUAGE_STANDARD = "gnu++0x";
				CLANG_CXX_LIBRARY = "libc++";
				CLANG_ENABLE_MODULES = YES;
				CLANG_ENABLE_OBJC_ARC = YES;
				CLANG_WARN_BOOL_CONVERSION = YES;
				CLANG_WARN_CONSTANT_CONVERSION = YES;
				CLANG_WARN_DIRECT_OBJC_ISA_USAGE = YES_ERROR;
				CLANG_WARN_EMPTY_BODY = YES;
				CLANG_WARN_ENUM_CONVERSION = YES;
				CLANG_WARN_INT_CONVERSION = YES;
				CLANG_WARN_OBJC_ROOT_CLASS = YES_ERROR;
				CLANG_WARN_UNREACHABLE_CODE = YES;
				CLANG_WARN__DUPLICATE_METHOD_MATCH = YES;
				"CODE_SIGN_IDENTITY[sdk=iphoneos*]" = "iPhone Developer";
				COPY_PHASE_STRIP = NO;
				DEBUG_INFORMATION_FORMAT = "dwarf-with-dsym";
				ENABLE_NS_ASSERTIONS = NO;
				ENABLE_STRICT_OBJC_MSGSEND = YES;
				GCC_C_LANGUAGE_STANDARD = gnu99;
				GCC_NO_COMMON_BLOCKS = YES;
				GCC_WARN_64_TO_32_BIT_CONVERSION = YES;
				GCC_WARN_ABOUT_RETURN_TYPE = YES_ERROR;
				GCC_WARN_UNDECLARED_SELECTOR = YES;
				GCC_WARN_UNINITIALIZED_AUTOS = YES_AGGRESSIVE;
				GCC_WARN_UNUSED_FUNCTION = YES;
				GCC_WARN_UNUSED_VARIABLE = YES;
				IPHONEOS_DEPLOYMENT_TARGET = 9.2;
				MTL_ENABLE_DEBUG_INFO = NO;
				SDKROOT = iphoneos;
				TARGETED_DEVICE_FAMILY = "1,2";
				VALIDATE_PRODUCT = YES;
			};
			name = Release;
		};
		00AB51CA1C78DBF40027F98E /* Debug */ = {
			isa = XCBuildConfiguration;
			buildSettings = {
				ASSETCATALOG_COMPILER_APPICON_NAME = AppIcon;
				INFOPLIST_FILE = MathJaxTest01/Info.plist;
				LD_RUNPATH_SEARCH_PATHS = "$(inherited) @executable_path/Frameworks";
				PRODUCT_BUNDLE_IDENTIFIER = io.tiborsimon.MathJaxTest01;
				PRODUCT_NAME = "$(TARGET_NAME)";
			};
			name = Debug;
		};
		00AB51CB1C78DBF40027F98E /* Release */ = {
			isa = XCBuildConfiguration;
			buildSettings = {
				ASSETCATALOG_COMPILER_APPICON_NAME = AppIcon;
				INFOPLIST_FILE = MathJaxTest01/Info.plist;
				LD_RUNPATH_SEARCH_PATHS = "$(inherited) @executable_path/Frameworks";
				PRODUCT_BUNDLE_IDENTIFIER = io.tiborsimon.MathJaxTest01;
				PRODUCT_NAME = "$(TARGET_NAME)";
			};
			name = Release;
		};
		00AB51CD1C78DBF40027F98E /* Debug */ = {
			isa = XCBuildConfiguration;
			buildSettings = {
				BUNDLE_LOADER = "$(TEST_HOST)";
				INFOPLIST_FILE = MathJaxTest01Tests/Info.plist;
				LD_RUNPATH_SEARCH_PATHS = "$(inherited) @executable_path/Frameworks @loader_path/Frameworks";
				PRODUCT_BUNDLE_IDENTIFIER = io.tiborsimon.MathJaxTest01Tests;
				PRODUCT_NAME = "$(TARGET_NAME)";
				TEST_HOST = "$(BUILT_PRODUCTS_DIR)/MathJaxTest01.app/MathJaxTest01";
			};
			name = Debug;
		};
		00AB51CE1C78DBF40027F98E /* Release */ = {
			isa = XCBuildConfiguration;
			buildSettings = {
				BUNDLE_LOADER = "$(TEST_HOST)";
				INFOPLIST_FILE = MathJaxTest01Tests/Info.plist;
				LD_RUNPATH_SEARCH_PATHS = "$(inherited) @executable_path/Frameworks @loader_path/Frameworks";
				PRODUCT_BUNDLE_IDENTIFIER = io.tiborsimon.MathJaxTest01Tests;
				PRODUCT_NAME = "$(TARGET_NAME)";
				TEST_HOST = "$(BUILT_PRODUCTS_DIR)/MathJaxTest01.app/MathJaxTest01";
			};
			name = Release;
		};
/* End XCBuildConfiguration section */

/* Begin XCConfigurationList section */
		00AB51A71C78DBF40027F98E /* Build configuration list for PBXProject "MathJaxTest01" */ = {
			isa = XCConfigurationList;
			buildConfigurations = (
				00AB51C71C78DBF40027F98E /* Debug */,
				00AB51C81C78DBF40027F98E /* Release */,
			);
			defaultConfigurationIsVisible = 0;
			defaultConfigurationName = Release;
		};
		00AB51C91C78DBF40027F98E /* Build configuration list for PBXNativeTarget "MathJaxTest01" */ = {
			isa = XCConfigurationList;
			buildConfigurations = (
				00AB51CA1C78DBF40027F98E /* Debug */,
				00AB51CB1C78DBF40027F98E /* Release */,
			);
			defaultConfigurationIsVisible = 0;
		};
		00AB51CC1C78DBF40027F98E /* Build configuration list for PBXNativeTarget "MathJaxTest01Tests" */ = {
			isa = XCConfigurationList;
			buildConfigurations = (
				00AB51CD1C78DBF40027F98E /* Debug */,
				00AB51CE1C78DBF40027F98E /* Release */,
			);
			defaultConfigurationIsVisible = 0;
		};
/* End XCConfigurationList section */
	};
	rootObject = 00AB51A41C78DBF40027F98E /* Project object */;
}
